// !$*UTF8*$!
{
	archiveVersion = 1;
	classes = {
	};
	objectVersion = 77;
	objects = {

/* Begin PBXContainerItemProxy section */
		6681BE2B2FC4810600CA4087 /* PBXContainerItemProxy */ = {
			isa = PBXContainerItemProxy;
			containerPortal = 6681BE152FC4810400CA4087 /* Project object */;
			proxyType = 1;
			remoteGlobalIDString = 6681BE1C2FC4810400CA4087;
			remoteInfo = OnTheRecord;
		};
		6681BE352FC4810600CA4087 /* PBXContainerItemProxy */ = {
			isa = PBXContainerItemProxy;
			containerPortal = 6681BE152FC4810400CA4087 /* Project object */;
			proxyType = 1;
			remoteGlobalIDString = 6681BE1C2FC4810400CA4087;
			remoteInfo = OnTheRecord;
		};
/* End PBXContainerItemProxy section */

/* Begin PBXFileReference section */
		6681BE1D2FC4810400CA4087 /* OnTheRecord.app */ = {isa = PBXFileReference; explicitFileType = wrapper.application; includeInIndex = 0; path = OnTheRecord.app; sourceTree = BUILT_PRODUCTS_DIR; };
		6681BE2A2FC4810600CA4087 /* OnTheRecordTests.xctest */ = {isa = PBXFileReference; explicitFileType = wrapper.cfbundle; includeInIndex = 0; path = OnTheRecordTests.xctest; sourceTree = BUILT_PRODUCTS_DIR; };
		6681BE342FC4810600CA4087 /* OnTheRecordUITests.xctest */ = {isa = PBXFileReference; explicitFileType = wrapper.cfbundle; includeInIndex = 0; path = OnTheRecordUITests.xctest; sourceTree = BUILT_PRODUCTS_DIR; };
		D72B4F6C9D3ACBEFAE6B13A8 /* Config.xcconfig */ = {isa = PBXFileReference; includeInIndex = 1; lastKnownFileType = text.xcconfig; path = Config.xcconfig; sourceTree = SOURCE_ROOT; };
/* End PBXFileReference section */

/* Begin PBXFileSystemSynchronizedRootGroup section */
		6681BE1F2FC4810400CA4087 /* OnTheRecord */ = {
			isa = PBXFileSystemSynchronizedRootGroup;
			path = OnTheRecord;
			sourceTree = "<group>";
		};
		6681BE2D2FC4810600CA4087 /* OnTheRecordTests */ = {
			isa = PBXFileSystemSynchronizedRootGroup;
			path = OnTheRecordTests;
			sourceTree = "<group>";
		};
		6681BE372FC4810600CA4087 /* OnTheRecordUITests */ = {
			isa = PBXFileSystemSynchronizedRootGroup;
			path = OnTheRecordUITests;
			sourceTree = "<group>";
		};
/* End PBXFileSystemSynchronizedRootGroup section */

/* Begin PBXFrameworksBuildPhase section */
		6681BE1A2FC4810400CA4087 /* Frameworks */ = {
			isa = PBXFrameworksBuildPhase;
			buildActionMask = 2147483647;
			files = (
			);
			runOnlyForDeploymentPostprocessing = 0;
		};
		6681BE272FC4810600CA4087 /* Frameworks */ = {
			isa = PBXFrameworksBuildPhase;
			buildActionMask = 2147483647;
			files = (
			);
			runOnlyForDeploymentPostprocessing = 0;
		};
		6681BE312FC4810600CA4087 /* Frameworks */ = {
			isa = PBXFrameworksBuildPhase;
			buildActionMask = 2147483647;
			files = (
			);
			runOnlyForDeploymentPostprocessing = 0;
		};
/* End PBXFrameworksBuildPhase section */

/* Begin PBXGroup section */
		6681BE142FC4810400CA4087 = {
			isa = PBXGroup;
			children = (
				6681BE1F2FC4810400CA4087 /* OnTheRecord */,
				6681BE2D2FC4810600CA4087 /* OnTheRecordTests */,
				6681BE372FC4810600CA4087 /* OnTheRecordUITests */,
				6681BE1E2FC4810400CA4087 /* Products */,
				D72B4F6C9D3ACBEFAE6B13A8 /* Config.xcconfig */,
			);
			sourceTree = "<group>";
		};
		6681BE1E2FC4810400CA4087 /* Products */ = {
			isa = PBXGroup;
			children = (
				6681BE1D2FC4810400CA4087 /* OnTheRecord.app */,
				6681BE2A2FC4810600CA4087 /* OnTheRecordTests.xctest */,
				6681BE342FC4810600CA4087 /* OnTheRecordUITests.xctest */,
			);
			name = Products;
			sourceTree = "<group>";
		};
/* End PBXGroup section */

/* Begin PBXNativeTarget section */
		6681BE1C2FC4810400CA4087 /* OnTheRecord */ = {
			isa = PBXNativeTarget;
			buildConfigurationList = 6681BE3E2FC4810600CA4087 /* Build configuration list for PBXNativeTarget "OnTheRecord" */;
			buildPhases = (
				6681BE192FC4810400CA4087 /* Sources */,
				6681BE1A2FC4810400CA4087 /* Frameworks */,
				6681BE1B2FC4810400CA4087 /* Resources */,
			);
			buildRules = (
			);
			dependencies = (
			);
			fileSystemSynchronizedGroups = (
				6681BE1F2FC4810400CA4087 /* OnTheRecord */,
			);
			name = OnTheRecord;
			productName = OnTheRecord;
			productReference = 6681BE1D2FC4810400CA4087 /* OnTheRecord.app */;
			productType = "com.apple.product-type.application";
		};
		6681BE292FC4810600CA4087 /* OnTheRecordTests */ = {
			isa = PBXNativeTarget;
			buildConfigurationList = 6681BE412FC4810600CA4087 /* Build configuration list for PBXNativeTarget "OnTheRecordTests" */;
			buildPhases = (
				6681BE262FC4810600CA4087 /* Sources */,
				6681BE272FC4810600CA4087 /* Frameworks */,
				6681BE282FC4810600CA4087 /* Resources */,
			);
			buildRules = (
			);
			dependencies = (
				6681BE2C2FC4810600CA4087 /* PBXTargetDependency */,
			);
			fileSystemSynchronizedGroups = (
				6681BE2D2FC4810600CA4087 /* OnTheRecordTests */,
			);
			name = OnTheRecordTests;
			productName = OnTheRecordTests;
			productReference = 6681BE2A2FC4810600CA4087 /* OnTheRecordTests.xctest */;
			productType = "com.apple.product-type.bundle.unit-test";
		};
		6681BE332FC4810600CA4087 /* OnTheRecordUITests */ = {
			isa = PBXNativeTarget;
			buildConfigurationList = 6681BE442FC4810600CA4087 /* Build configuration list for PBXNativeTarget "OnTheRecordUITests" */;
			buildPhases = (
				6681BE302FC4810600CA4087 /* Sources */,
				6681BE312FC4810600CA4087 /* Frameworks */,
				6681BE322FC4810600CA4087 /* Resources */,
			);
			buildRules = (
			);
			dependencies = (
				6681BE362FC4810600CA4087 /* PBXTargetDependency */,
			);
			fileSystemSynchronizedGroups = (
				6681BE372FC4810600CA4087 /* OnTheRecordUITests */,
			);
			name = OnTheRecordUITests;
			productName = OnTheRecordUITests;
			productReference = 6681BE342FC4810600CA4087 /* OnTheRecordUITests.xctest */;
			productType = "com.apple.product-type.bundle.ui-testing";
		};
/* End PBXNativeTarget section */

/* Begin PBXProject section */
		6681BE152FC4810400CA4087 /* Project object */ = {
			isa = PBXProject;
			attributes = {
				BuildIndependentTargetsInParallel = 1;
				LastSwiftUpdateCheck = 2650;
				LastUpgradeCheck = 2650;
				TargetAttributes = {
					6681BE1C2FC4810400CA4087 = {
						CreatedOnToolsVersion = 26.5;
					};
					6681BE292FC4810600CA4087 = {
						CreatedOnToolsVersion = 26.5;
						TestTargetID = 6681BE1C2FC4810400CA4087;
					};
					6681BE332FC4810600CA4087 = {
						CreatedOnToolsVersion = 26.5;
						TestTargetID = 6681BE1C2FC4810400CA4087;
					};
				};
			};
			buildConfigurationList = 6681BE182FC4810400CA4087 /* Build configuration list for PBXProject "OnTheRecord" */;
			developmentRegion = en;
			hasScannedForEncodings = 0;
			knownRegions = (
				en,
				Base,
			);
			mainGroup = 6681BE142FC4810400CA4087;
			minimizedProjectReferenceProxies = 1;
			preferredProjectObjectVersion = 77;
			productRefGroup = 6681BE1E2FC4810400CA4087 /* Products */;
			projectDirPath = "";
			projectRoot = "";
			targets = (
				6681BE1C2FC4810400CA4087 /* OnTheRecord */,
				6681BE292FC4810600CA4087 /* OnTheRecordTests */,
				6681BE332FC4810600CA4087 /* OnTheRecordUITests */,
			);
		};
/* End PBXProject section */

/* Begin PBXResourcesBuildPhase section */
		6681BE1B2FC4810400CA4087 /* Resources */ = {
			isa = PBXResourcesBuildPhase;
			buildActionMask = 2147483647;
			files = (
			);
			runOnlyForDeploymentPostprocessing = 0;
		};
		6681BE282FC4810600CA4087 /* Resources */ = {
			isa = PBXResourcesBuildPhase;
			buildActionMask = 2147483647;
			files = (
			);
			runOnlyForDeploymentPostprocessing = 0;
		};
		6681BE322FC4810600CA4087 /* Resources */ = {
			isa = PBXResourcesBuildPhase;
			buildActionMask = 2147483647;
			files = (
			);
			runOnlyForDeploymentPostprocessing = 0;
		};
/* End PBXResourcesBuildPhase section */

/* Begin PBXSourcesBuildPhase section */
		6681BE192FC4810400CA4087 /* Sources */ = {
			isa = PBXSourcesBuildPhase;
			buildActionMask = 2147483647;
			files = (
			);
			runOnlyForDeploymentPostprocessing = 0;
		};
		6681BE262FC4810600CA4087 /* Sources */ = {
			isa = PBXSourcesBuildPhase;
			buildActionMask = 2147483647;
			files = (
			);
			runOnlyForDeploymentPostprocessing = 0;
		};
		6681BE302FC4810600CA4087 /* Sources */ = {
			isa = PBXSourcesBuildPhase;
			buildActionMask = 2147483647;
			files = (
			);
			runOnlyForDeploymentPostprocessing = 0;
		};
/* End PBXSourcesBuildPhase section */

/* Begin PBXTargetDependency section */
		6681BE2C2FC4810600CA4087 /* PBXTargetDependency */ = {
			isa = PBXTargetDependency;
			target = 6681BE1C2FC4810400CA4087 /* OnTheRecord */;
			targetProxy = 6681BE2B2FC4810600CA4087 /* PBXContainerItemProxy */;
		};
		6681BE362FC4810600CA4087 /* PBXTargetDependency */ = {
			isa = PBXTargetDependency;
			target = 6681BE1C2FC4810400CA4087 /* OnTheRecord */;
			targetProxy = 6681BE352FC4810600CA4087 /* PBXContainerItemProxy */;
		};
/* End PBXTargetDependency section */

/* Begin XCBuildConfiguration section */
		6681BE3C2FC4810600CA4087 /* Debug */ = {
			isa = XCBuildConfiguration;
			buildSettings = {
				ALWAYS_SEARCH_USER_PATHS = NO;
				ASSETCATALOG_COMPILER_GENERATE_SWIFT_ASSET_SYMBOL_EXTENSIONS = YES;
				CLANG_ANALYZER_NONNULL = YES;
				CLANG_ANALYZER_NUMBER_OBJECT_CONVERSION = YES_AGGRESSIVE;
				CLANG_CXX_LANGUAGE_STANDARD = "gnu++20";
				CLANG_ENABLE_MODULES = YES;
				CLANG_ENABLE_OBJC_ARC = YES;
				CLANG_ENABLE_OBJC_WEAK = YES;
				CLANG_WARN_BLOCK_CAPTURE_AUTORELEASING = YES;
				CLANG_WARN_BOOL_CONVERSION = YES;
				CLANG_WARN_COMMA = YES;
				CLANG_WARN_CONSTANT_CONVERSION = YES;
				CLANG_WARN_DEPRECATED_OBJC_IMPLEMENTATIONS = YES;
				CLANG_WARN_DIRECT_OBJC_ISA_USAGE = YES_ERROR;
				CLANG_WARN_DOCUMENTATION_COMMENTS = YES;
				CLANG_WARN_EMPTY_BODY = YES;
				CLANG_WARN_ENUM_CONVERSION = YES;
				CLANG_WARN_INFINITE_RECURSION = YES;
				CLANG_WARN_INT_CONVERSION = YES;
				CLANG_WARN_NON_LITERAL_NULL_CONVERSION = YES;
				CLANG_WARN_OBJC_IMPLICIT_RETAIN_SELF = YES;
				CLANG_WARN_OBJC_LITERAL_CONVERSION = YES;
				CLANG_WARN_OBJC_ROOT_CLASS = YES_ERROR;
				CLANG_WARN_QUOTED_INCLUDE_IN_FRAMEWORK_HEADER = YES;
				CLANG_WARN_RANGE_LOOP_ANALYSIS = YES;
				CLANG_WARN_STRICT_PROTOTYPES = YES;
				CLANG_WARN_SUSPICIOUS_MOVE = YES;
				CLANG_WARN_UNGUARDED_AVAILABILITY = YES_AGGRESSIVE;
				CLANG_WARN_UNREACHABLE_CODE = YES;
				CLANG_WARN__DUPLICATE_METHOD_MATCH = YES;
				COPY_PHASE_STRIP = NO;
				DEBUG_INFORMATION_FORMAT = dwarf;
				DEVELOPMENT_TEAM = 64KUBWCRED;
				ENABLE_STRICT_OBJC_MSGSEND = YES;
				ENABLE_TESTABILITY = YES;
				ENABLE_USER_SCRIPT_SANDBOXING = YES;
				GCC_C_LANGUAGE_STANDARD = gnu17;
				GCC_DYNAMIC_NO_PIC = NO;
				GCC_NO_COMMON_BLOCKS = YES;
				GCC_OPTIMIZATION_LEVEL = 0;
				GCC_PREPROCESSOR_DEFINITIONS = (
					"DEBUG=1",
					"$(inherited)",
				);
				GCC_WARN_64_TO_32_BIT_CONVERSION = YES;
				GCC_WARN_ABOUT_RETURN_TYPE = YES_ERROR;
				GCC_WARN_UNDECLARED_SELECTOR = YES;
				GCC_WARN_UNINITIALIZED_AUTOS = YES_AGGRESSIVE;
				GCC_WARN_UNUSED_FUNCTION = YES;
				GCC_WARN_UNUSED_VARIABLE = YES;
				IPHONEOS_DEPLOYMENT_TARGET = 26.5;
				LOCALIZATION_PREFERS_STRING_CATALOGS = YES;
				MTL_ENABLE_DEBUG_INFO = INCLUDE_SOURCE;
				MTL_FAST_MATH = YES;
				ONLY_ACTIVE_ARCH = YES;
				SDKROOT = iphoneos;
				SWIFT_ACTIVE_COMPILATION_CONDITIONS = "DEBUG $(inherited)";
				SWIFT_OPTIMIZATION_LEVEL = "-Onone";
			};
			name = Debug;
		};
		6681BE3D2FC4810600CA4087 /* Release */ = {
			isa = XCBuildConfiguration;
			buildSettings = {
				ALWAYS_SEARCH_USER_PATHS = NO;
				ASSETCATALOG_COMPILER_GENERATE_SWIFT_ASSET_SYMBOL_EXTENSIONS = YES;
				CLANG_ANALYZER_NONNULL = YES;
				CLANG_ANALYZER_NUMBER_OBJECT_CONVERSION = YES_AGGRESSIVE;
				CLANG_CXX_LANGUAGE_STANDARD = "gnu++20";
				CLANG_ENABLE_MODULES = YES;
				CLANG_ENABLE_OBJC_ARC = YES;
				CLANG_ENABLE_OBJC_WEAK = YES;
				CLANG_WARN_BLOCK_CAPTURE_AUTORELEASING = YES;
				CLANG_WARN_BOOL_CONVERSION = YES;
				CLANG_WARN_COMMA = YES;
				CLANG_WARN_CONSTANT_CONVERSION = YES;
				CLANG_WARN_DEPRECATED_OBJC_IMPLEMENTATIONS = YES;
				CLANG_WARN_DIRECT_OBJC_ISA_USAGE = YES_ERROR;
				CLANG_WARN_DOCUMENTATION_COMMENTS = YES;
				CLANG_WARN_EMPTY_BODY = YES;
				CLANG_WARN_ENUM_CONVERSION = YES;
				CLANG_WARN_INFINITE_RECURSION = YES;
				CLANG_WARN_INT_CONVERSION = YES;
				CLANG_WARN_NON_LITERAL_NULL_CONVERSION = YES;
				CLANG_WARN_OBJC_IMPLICIT_RETAIN_SELF = YES;
				CLANG_WARN_OBJC_LITERAL_CONVERSION = YES;
				CLANG_WARN_OBJC_ROOT_CLASS = YES_ERROR;
				CLANG_WARN_QUOTED_INCLUDE_IN_FRAMEWORK_HEADER = YES;
				CLANG_WARN_RANGE_LOOP_ANALYSIS = YES;
				CLANG_WARN_STRICT_PROTOTYPES = YES;
				CLANG_WARN_SUSPICIOUS_MOVE = YES;
				CLANG_WARN_UNGUARDED_AVAILABILITY = YES_AGGRESSIVE;
				CLANG_WARN_UNREACHABLE_CODE = YES;
				CLANG_WARN__DUPLICATE_METHOD_MATCH = YES;
				COPY_PHASE_STRIP = NO;
				DEBUG_INFORMATION_FORMAT = "dwarf-with-dsym";
				DEVELOPMENT_TEAM = 64KUBWCRED;
				ENABLE_NS_ASSERTIONS = NO;
				ENABLE_STRICT_OBJC_MSGSEND = YES;
				ENABLE_USER_SCRIPT_SANDBOXING = YES;
				GCC_C_LANGUAGE_STANDARD = gnu17;
				GCC_NO_COMMON_BLOCKS = YES;
				GCC_WARN_64_TO_32_BIT_CONVERSION = YES;
				GCC_WARN_ABOUT_RETURN_TYPE = YES_ERROR;
				GCC_WARN_UNDECLARED_SELECTOR = YES;
				GCC_WARN_UNINITIALIZED_AUTOS = YES_AGGRESSIVE;
				GCC_WARN_UNUSED_FUNCTION = YES;
				GCC_WARN_UNUSED_VARIABLE = YES;
				IPHONEOS_DEPLOYMENT_TARGET = 26.5;
				LOCALIZATION_PREFERS_STRING_CATALOGS = YES;
				MTL_ENABLE_DEBUG_INFO = NO;
				MTL_FAST_MATH = YES;
				SDKROOT = iphoneos;
				SWIFT_COMPILATION_MODE = wholemodule;
				VALIDATE_PRODUCT = YES;
			};
			name = Release;
		};
		6681BE3F2FC4810600CA4087 /* Debug */ = {
			isa = XCBuildConfiguration;
			baseConfigurationReference = D72B4F6C9D3ACBEFAE6B13A8 /* Config.xcconfig */;
			buildSettings = {
				ASSETCATALOG_COMPILER_APPICON_NAME = AppIcon;
				ASSETCATALOG_COMPILER_GLOBAL_ACCENT_COLOR_NAME = AccentColor;
				CODE_SIGN_STYLE = Automatic;
				CODE_SIGN_ENTITLEMENTS = OnTheRecord/OnTheRecord.entitlements;
				CURRENT_PROJECT_VERSION = 1;
				DEVELOPMENT_TEAM = 64KUBWCRED;
				ENABLE_PREVIEWS = YES;
				GENERATE_INFOPLIST_FILE = YES;
				INFOPLIST_KEY_DISCOGS_TOKEN = "$(DISCOGS_TOKEN)";
				INFOPLIST_KEY_NSCameraUsageDescription = "Scan the barcode on a record sleeve to look it up on Discogs.";
				INFOPLIST_KEY_UIApplicationSceneManifest_Generation = YES;
				INFOPLIST_KEY_UIApplicationSupportsIndirectInputEvents = YES;
				INFOPLIST_KEY_UILaunchScreen_Generation = YES;
				INFOPLIST_KEY_UISupportedInterfaceOrientations_iPad = "UIInterfaceOrientationPortrait UIInterfaceOrientationPortraitUpsideDown UIInterfaceOrientationLandscapeLeft UIInterfaceOrientationLandscapeRight";
				INFOPLIST_KEY_UISupportedInterfaceOrientations_iPhone = "UIInterfaceOrientationPortrait UIInterfaceOrientationLandscapeLeft UIInterfaceOrientationLandscapeRight";
				LD_RUNPATH_SEARCH_PATHS = (
					"$(inherited)",
					"@executable_path/Frameworks",
				);
				MARKETING_VERSION = 1.0;
				PRODUCT_BUNDLE_IDENTIFIER = com.adamelaraby.OnTheRecord;
				PRODUCT_NAME = "$(TARGET_NAME)";
				STRING_CATALOG_GENERATE_SYMBOLS = YES;
				SWIFT_APPROACHABLE_CONCURRENCY = YES;
				SWIFT_DEFAULT_ACTOR_ISOLATION = MainActor;
				SWIFT_EMIT_LOC_STRINGS = YES;
				SWIFT_UPCOMING_FEATURE_MEMBER_IMPORT_VISIBILITY = YES;
				SWIFT_VERSION = 5.0;
				TARGETED_DEVICE_FAMILY = "1,2";
			};
			name = Debug;
		};
		6681BE402FC4810600CA4087 /* Release */ = {
			isa = XCBuildConfiguration;
			baseConfigurationReference = D72B4F6C9D3ACBEFAE6B13A8 /* Config.xcconfig */;
			buildSettings = {
				ASSETCATALOG_COMPILER_APPICON_NAME = AppIcon;
				ASSETCATALOG_COMPILER_GLOBAL_ACCENT_COLOR_NAME = AccentColor;
				CODE_SIGN_STYLE = Automatic;
				CODE_SIGN_ENTITLEMENTS = OnTheRecord/OnTheRecord.entitlements;
				CURRENT_PROJECT_VERSION = 1;
				DEVELOPMENT_TEAM = 64KUBWCRED;
				ENABLE_PREVIEWS = YES;
				GENERATE_INFOPLIST_FILE = YES;
				INFOPLIST_KEY_DISCOGS_TOKEN = "$(DISCOGS_TOKEN)";
				INFOPLIST_KEY_NSCameraUsageDescription = "Scan the barcode on a record sleeve to look it up on Discogs.";
				INFOPLIST_KEY_UIApplicationSceneManifest_Generation = YES;
				INFOPLIST_KEY_UIApplicationSupportsIndirectInputEvents = YES;
				INFOPLIST_KEY_UILaunchScreen_Generation = YES;
				INFOPLIST_KEY_UISupportedInterfaceOrientations_iPad = "UIInterfaceOrientationPortrait UIInterfaceOrientationPortraitUpsideDown UIInterfaceOrientationLandscapeLeft UIInterfaceOrientationLandscapeRight";
				INFOPLIST_KEY_UISupportedInterfaceOrientations_iPhone = "UIInterfaceOrientationPortrait UIInterfaceOrientationLandscapeLeft UIInterfaceOrientationLandscapeRight";
				LD_RUNPATH_SEARCH_PATHS = (
					"$(inherited)",
					"@executable_path/Frameworks",
				);
				MARKETING_VERSION = 1.0;
				PRODUCT_BUNDLE_IDENTIFIER = com.adamelaraby.OnTheRecord;
				PRODUCT_NAME = "$(TARGET_NAME)";
				STRING_CATALOG_GENERATE_SYMBOLS = YES;
				SWIFT_APPROACHABLE_CONCURRENCY = YES;
				SWIFT_DEFAULT_ACTOR_ISOLATION = MainActor;
				SWIFT_EMIT_LOC_STRINGS = YES;
				SWIFT_UPCOMING_FEATURE_MEMBER_IMPORT_VISIBILITY = YES;
				SWIFT_VERSION = 5.0;
				TARGETED_DEVICE_FAMILY = "1,2";
			};
			name = Release;
		};
		6681BE422FC4810600CA4087 /* Debug */ = {
			isa = XCBuildConfiguration;
			buildSettings = {
				BUNDLE_LOADER = "$(TEST_HOST)";
				CODE_SIGN_STYLE = Automatic;
				CURRENT_PROJECT_VERSION = 1;
				DEVELOPMENT_TEAM = 64KUBWCRED;
				GENERATE_INFOPLIST_FILE = YES;
				IPHONEOS_DEPLOYMENT_TARGET = 26.5;
				MARKETING_VERSION = 1.0;
				PRODUCT_BUNDLE_IDENTIFIER = com.adamelaraby.OnTheRecordTests;
				PRODUCT_NAME = "$(TARGET_NAME)";
				STRING_CATALOG_GENERATE_SYMBOLS = NO;
				SWIFT_APPROACHABLE_CONCURRENCY = YES;
				SWIFT_EMIT_LOC_STRINGS = NO;
				SWIFT_UPCOMING_FEATURE_MEMBER_IMPORT_VISIBILITY = YES;
				SWIFT_VERSION = 5.0;
				TARGETED_DEVICE_FAMILY = "1,2";
				TEST_HOST = "$(BUILT_PRODUCTS_DIR)/OnTheRecord.app/$(BUNDLE_EXECUTABLE_FOLDER_PATH)/OnTheRecord";
			};
			name = Debug;
		};
		6681BE432FC4810600CA4087 /* Release */ = {
			isa = XCBuildConfiguration;
			buildSettings = {
				BUNDLE_LOADER = "$(TEST_HOST)";
				CODE_SIGN_STYLE = Automatic;
				CURRENT_PROJECT_VERSION = 1;
				DEVELOPMENT_TEAM = 64KUBWCRED;
				GENERATE_INFOPLIST_FILE = YES;
				IPHONEOS_DEPLOYMENT_TARGET = 26.5;
				MARKETING_VERSION = 1.0;
				PRODUCT_BUNDLE_IDENTIFIER = com.adamelaraby.OnTheRecordTests;
				PRODUCT_NAME = "$(TARGET_NAME)";
				STRING_CATALOG_GENERATE_SYMBOLS = NO;
				SWIFT_APPROACHABLE_CONCURRENCY = YES;
				SWIFT_EMIT_LOC_STRINGS = NO;
				SWIFT_UPCOMING_FEATURE_MEMBER_IMPORT_VISIBILITY = YES;
				SWIFT_VERSION = 5.0;
				TARGETED_DEVICE_FAMILY = "1,2";
				TEST_HOST = "$(BUILT_PRODUCTS_DIR)/OnTheRecord.app/$(BUNDLE_EXECUTABLE_FOLDER_PATH)/OnTheRecord";
			};
			name = Release;
		};
		6681BE452FC4810600CA4087 /* Debug */ = {
			isa = XCBuildConfiguration;
			buildSettings = {
				CODE_SIGN_STYLE = Automatic;
				CURRENT_PROJECT_VERSION = 1;
				DEVELOPMENT_TEAM = 64KUBWCRED;
				GENERATE_INFOPLIST_FILE = YES;
				MARKETING_VERSION = 1.0;
				PRODUCT_BUNDLE_IDENTIFIER = com.adamelaraby.OnTheRecordUITests;
				PRODUCT_NAME = "$(TARGET_NAME)";
				STRING_CATALOG_GENERATE_SYMBOLS = NO;
				SWIFT_APPROACHABLE_CONCURRENCY = YES;
				SWIFT_EMIT_LOC_STRINGS = NO;
				SWIFT_UPCOMING_FEATURE_MEMBER_IMPORT_VISIBILITY = YES;
				SWIFT_VERSION = 5.0;
				TARGETED_DEVICE_FAMILY = "1,2";
				TEST_TARGET_NAME = OnTheRecord;
			};
			name = Debug;
		};
		6681BE462FC4810600CA4087 /* Release */ = {
			isa = XCBuildConfiguration;
			buildSettings = {
				CODE_SIGN_STYLE = Automatic;
				CURRENT_PROJECT_VERSION = 1;
				DEVELOPMENT_TEAM = 64KUBWCRED;
				GENERATE_INFOPLIST_FILE = YES;
				MARKETING_VERSION = 1.0;
				PRODUCT_BUNDLE_IDENTIFIER = com.adamelaraby.OnTheRecordUITests;
				PRODUCT_NAME = "$(TARGET_NAME)";
				STRING_CATALOG_GENERATE_SYMBOLS = NO;
				SWIFT_APPROACHABLE_CONCURRENCY = YES;
				SWIFT_EMIT_LOC_STRINGS = NO;
				SWIFT_UPCOMING_FEATURE_MEMBER_IMPORT_VISIBILITY = YES;
				SWIFT_VERSION = 5.0;
				TARGETED_DEVICE_FAMILY = "1,2";
				TEST_TARGET_NAME = OnTheRecord;
			};
			name = Release;
		};
/* End XCBuildConfiguration section */

/* Begin XCConfigurationList section */
		6681BE182FC4810400CA4087 /* Build configuration list for PBXProject "OnTheRecord" */ = {
			isa = XCConfigurationList;
			buildConfigurations = (
				6681BE3C2FC4810600CA4087 /* Debug */,
				6681BE3D2FC4810600CA4087 /* Release */,
			);
			defaultConfigurationIsVisible = 0;
			defaultConfigurationName = Release;
		};
		6681BE3E2FC4810600CA4087 /* Build configuration list for PBXNativeTarget "OnTheRecord" */ = {
			isa = XCConfigurationList;
			buildConfigurations = (
				6681BE3F2FC4810600CA4087 /* Debug */,
				6681BE402FC4810600CA4087 /* Release */,
			);
			defaultConfigurationIsVisible = 0;
			defaultConfigurationName = Release;
		};
		6681BE412FC4810600CA4087 /* Build configuration list for PBXNativeTarget "OnTheRecordTests" */ = {
			isa = XCConfigurationList;
			buildConfigurations = (
				6681BE422FC4810600CA4087 /* Debug */,
				6681BE432FC4810600CA4087 /* Release */,
			);
			defaultConfigurationIsVisible = 0;
			defaultConfigurationName = Release;
		};
		6681BE442FC4810600CA4087 /* Build configuration list for PBXNativeTarget "OnTheRecordUITests" */ = {
			isa = XCConfigurationList;
			buildConfigurations = (
				6681BE452FC4810600CA4087 /* Debug */,
				6681BE462FC4810600CA4087 /* Release */,
			);
			defaultConfigurationIsVisible = 0;
			defaultConfigurationName = Release;
		};
/* End XCConfigurationList section */
	};
	rootObject = 6681BE152FC4810400CA4087 /* Project object */;
}
